// !$*UTF8*$!
{
	archiveVersion = 1;
	classes = {
	};
	objectVersion = 56;
	objects = {

/* Begin PBXBuildFile section */
		D32A1BBE2A835F0300418E06 /* ContinuedLearningApp.swift in Sources */ = {isa = PBXBuildFile; fileRef = D32A1BBD2A835F0300418E06 /* ContinuedLearningApp.swift */; };
		D32A1BC02A835F0300418E06 /* ContentView.swift in Sources */ = {isa = PBXBuildFile; fileRef = D32A1BBF2A835F0300418E06 /* ContentView.swift */; };
		D32A1BC22A835F0500418E06 /* Assets.xcassets in Resources */ = {isa = PBXBuildFile; fileRef = D32A1BC12A835F0500418E06 /* Assets.xcassets */; };
		D32A1BC52A835F0500418E06 /* Preview Assets.xcassets in Resources */ = {isa = PBXBuildFile; fileRef = D32A1BC42A835F0500418E06 /* Preview Assets.xcassets */; };
		D32A1BCC2A835F8F00418E06 /* LongPressGestureBootcamp.swift in Sources */ = {isa = PBXBuildFile; fileRef = D32A1BCB2A835F8F00418E06 /* LongPressGestureBootcamp.swift */; };
		D32A1BCE2A8465D500418E06 /* MagnificationGestureBootcamp.swift in Sources */ = {isa = PBXBuildFile; fileRef = D32A1BCD2A8465D500418E06 /* MagnificationGestureBootcamp.swift */; };
		D32A1BD02A84814B00418E06 /* RotationGestureBootcamp.swift in Sources */ = {isa = PBXBuildFile; fileRef = D32A1BCF2A84814B00418E06 /* RotationGestureBootcamp.swift */; };
		D32A1BD22A84837A00418E06 /* DragGestureBootcamp.swift in Sources */ = {isa = PBXBuildFile; fileRef = D32A1BD12A84837A00418E06 /* DragGestureBootcamp.swift */; };
		D32A1BD42A848E1F00418E06 /* DragGestureBootcamp2.swift in Sources */ = {isa = PBXBuildFile; fileRef = D32A1BD32A848E1F00418E06 /* DragGestureBootcamp2.swift */; };
		D32A1BD62A84B2E000418E06 /* ScrollViewReaderBootcamp.swift in Sources */ = {isa = PBXBuildFile; fileRef = D32A1BD52A84B2E000418E06 /* ScrollViewReaderBootcamp.swift */; };
		D32A1BD82A84BB3F00418E06 /* GeometryReaderBootcamp.swift in Sources */ = {isa = PBXBuildFile; fileRef = D32A1BD72A84BB3F00418E06 /* GeometryReaderBootcamp.swift */; };
		D32A1BDA2A84C78600418E06 /* MultipleSheetBootcamp.swift in Sources */ = {isa = PBXBuildFile; fileRef = D32A1BD92A84C78600418E06 /* MultipleSheetBootcamp.swift */; };
		D32A1BDC2A84D18600418E06 /* MaskBootcamp.swift in Sources */ = {isa = PBXBuildFile; fileRef = D32A1BDB2A84D18600418E06 /* MaskBootcamp.swift */; };
		D32A1BDE2A84D84300418E06 /* SoundBootcamp.swift in Sources */ = {isa = PBXBuildFile; fileRef = D32A1BDD2A84D84300418E06 /* SoundBootcamp.swift */; };
/* End PBXBuildFile section */

/* Begin PBXFileReference section */
		D32A1BBA2A835F0300418E06 /* ContinuedLearning.app */ = {isa = PBXFileReference; explicitFileType = wrapper.application; includeInIndex = 0; path = ContinuedLearning.app; sourceTree = BUILT_PRODUCTS_DIR; };
		D32A1BBD2A835F0300418E06 /* ContinuedLearningApp.swift */ = {isa = PBXFileReference; lastKnownFileType = sourcecode.swift; path = ContinuedLearningApp.swift; sourceTree = "<group>"; };
		D32A1BBF2A835F0300418E06 /* ContentView.swift */ = {isa = PBXFileReference; lastKnownFileType = sourcecode.swift; path = ContentView.swift; sourceTree = "<group>"; };
		D32A1BC12A835F0500418E06 /* Assets.xcassets */ = {isa = PBXFileReference; lastKnownFileType = folder.assetcatalog; path = Assets.xcassets; sourceTree = "<group>"; };
		D32A1BC42A835F0500418E06 /* Preview Assets.xcassets */ = {isa = PBXFileReference; lastKnownFileType = folder.assetcatalog; path = "Preview Assets.xcassets"; sourceTree = "<group>"; };
		D32A1BCB2A835F8F00418E06 /* LongPressGestureBootcamp.swift */ = {isa = PBXFileReference; lastKnownFileType = sourcecode.swift; path = LongPressGestureBootcamp.swift; sourceTree = "<group>"; };
		D32A1BCD2A8465D500418E06 /* MagnificationGestureBootcamp.swift */ = {isa = PBXFileReference; lastKnownFileType = sourcecode.swift; path = MagnificationGestureBootcamp.swift; sourceTree = "<group>"; };
		D32A1BCF2A84814B00418E06 /* RotationGestureBootcamp.swift */ = {isa = PBXFileReference; lastKnownFileType = sourcecode.swift; path = RotationGestureBootcamp.swift; sourceTree = "<group>"; };
		D32A1BD12A84837A00418E06 /* DragGestureBootcamp.swift */ = {isa = PBXFileReference; lastKnownFileType = sourcecode.swift; path = DragGestureBootcamp.swift; sourceTree = "<group>"; };
		D32A1BD32A848E1F00418E06 /* DragGestureBootcamp2.swift */ = {isa = PBXFileReference; lastKnownFileType = sourcecode.swift; path = DragGestureBootcamp2.swift; sourceTree = "<group>"; };
		D32A1BD52A84B2E000418E06 /* ScrollViewReaderBootcamp.swift */ = {isa = PBXFileReference; lastKnownFileType = sourcecode.swift; path = ScrollViewReaderBootcamp.swift; sourceTree = "<group>"; };
		D32A1BD72A84BB3F00418E06 /* GeometryReaderBootcamp.swift */ = {isa = PBXFileReference; lastKnownFileType = sourcecode.swift; path = GeometryReaderBootcamp.swift; sourceTree = "<group>"; };
		D32A1BD92A84C78600418E06 /* MultipleSheetBootcamp.swift */ = {isa = PBXFileReference; lastKnownFileType = sourcecode.swift; path = MultipleSheetBootcamp.swift; sourceTree = "<group>"; };
		D32A1BDB2A84D18600418E06 /* MaskBootcamp.swift */ = {isa = PBXFileReference; lastKnownFileType = sourcecode.swift; path = MaskBootcamp.swift; sourceTree = "<group>"; };
		D32A1BDD2A84D84300418E06 /* SoundBootcamp.swift */ = {isa = PBXFileReference; lastKnownFileType = sourcecode.swift; path = SoundBootcamp.swift; sourceTree = "<group>"; };
/* End PBXFileReference section */

/* Begin PBXFrameworksBuildPhase section */
		D32A1BB72A835F0300418E06 /* Frameworks */ = {
			isa = PBXFrameworksBuildPhase;
			buildActionMask = 2147483647;
			files = (
			);
			runOnlyForDeploymentPostprocessing = 0;
		};
/* End PBXFrameworksBuildPhase section */

/* Begin PBXGroup section */
		D32A1BB12A835F0300418E06 = {
			isa = PBXGroup;
			children = (
				D32A1BBC2A835F0300418E06 /* ContinuedLearning */,
				D32A1BBB2A835F0300418E06 /* Products */,
			);
			sourceTree = "<group>";
		};
		D32A1BBB2A835F0300418E06 /* Products */ = {
			isa = PBXGroup;
			children = (
				D32A1BBA2A835F0300418E06 /* ContinuedLearning.app */,
			);
			name = Products;
			sourceTree = "<group>";
		};
		D32A1BBC2A835F0300418E06 /* ContinuedLearning */ = {
			isa = PBXGroup;
			children = (
				D32A1BBD2A835F0300418E06 /* ContinuedLearningApp.swift */,
				D32A1BBF2A835F0300418E06 /* ContentView.swift */,
				D32A1BCB2A835F8F00418E06 /* LongPressGestureBootcamp.swift */,
				D32A1BCD2A8465D500418E06 /* MagnificationGestureBootcamp.swift */,
				D32A1BD12A84837A00418E06 /* DragGestureBootcamp.swift */,
				D32A1BD32A848E1F00418E06 /* DragGestureBootcamp2.swift */,
				D32A1BCF2A84814B00418E06 /* RotationGestureBootcamp.swift */,
				D32A1BD52A84B2E000418E06 /* ScrollViewReaderBootcamp.swift */,
				D32A1BDB2A84D18600418E06 /* MaskBootcamp.swift */,
				D32A1BD72A84BB3F00418E06 /* GeometryReaderBootcamp.swift */,
				D32A1BDD2A84D84300418E06 /* SoundBootcamp.swift */,
				D32A1BD92A84C78600418E06 /* MultipleSheetBootcamp.swift */,
				D32A1BC12A835F0500418E06 /* Assets.xcassets */,
				D32A1BC32A835F0500418E06 /* Preview Content */,
			);
			path = ContinuedLearning;
			sourceTree = "<group>";
		};
		D32A1BC32A835F0500418E06 /* Preview Content */ = {
			isa = PBXGroup;
			children = (
				D32A1BC42A835F0500418E06 /* Preview Assets.xcassets */,
			);
			path = "Preview Content";
			sourceTree = "<group>";
		};
/* End PBXGroup section */

/* Begin PBXNativeTarget section */
		D32A1BB92A835F0300418E06 /* ContinuedLearning */ = {
			isa = PBXNativeTarget;
			buildConfigurationList = D32A1BC82A835F0500418E06 /* Build configuration list for PBXNativeTarget "ContinuedLearning" */;
			buildPhases = (
				D32A1BB62A835F0300418E06 /* Sources */,
				D32A1BB72A835F0300418E06 /* Frameworks */,
				D32A1BB82A835F0300418E06 /* Resources */,
			);
			buildRules = (
			);
			dependencies = (
			);
			name = ContinuedLearning;
			productName = ContinuedLearning;
			productReference = D32A1BBA2A835F0300418E06 /* ContinuedLearning.app */;
			productType = "com.apple.product-type.application";
		};
/* End PBXNativeTarget section */

/* Begin PBXProject section */
		D32A1BB22A835F0300418E06 /* Project object */ = {
			isa = PBXProject;
			attributes = {
				BuildIndependentTargetsInParallel = 1;
				LastSwiftUpdateCheck = 1430;
				LastUpgradeCheck = 1430;
				TargetAttributes = {
					D32A1BB92A835F0300418E06 = {
						CreatedOnToolsVersion = 14.3.1;
					};
				};
			};
			buildConfigurationList = D32A1BB52A835F0300418E06 /* Build configuration list for PBXProject "ContinuedLearning" */;
			compatibilityVersion = "Xcode 14.0";
			developmentRegion = en;
			hasScannedForEncodings = 0;
			knownRegions = (
				en,
				Base,
			);
			mainGroup = D32A1BB12A835F0300418E06;
			productRefGroup = D32A1BBB2A835F0300418E06 /* Products */;
			projectDirPath = "";
			projectRoot = "";
			targets = (
				D32A1BB92A835F0300418E06 /* ContinuedLearning */,
			);
		};
/* End PBXProject section */

/* Begin PBXResourcesBuildPhase section */
		D32A1BB82A835F0300418E06 /* Resources */ = {
			isa = PBXResourcesBuildPhase;
			buildActionMask = 2147483647;
			files = (
				D32A1BC52A835F0500418E06 /* Preview Assets.xcassets in Resources */,
				D32A1BC22A835F0500418E06 /* Assets.xcassets in Resources */,
			);
			runOnlyForDeploymentPostprocessing = 0;
		};
/* End PBXResourcesBuildPhase section */

/* Begin PBXSourcesBuildPhase section */
		D32A1BB62A835F0300418E06 /* Sources */ = {
			isa = PBXSourcesBuildPhase;
			buildActionMask = 2147483647;
			files = (
				D32A1BDA2A84C78600418E06 /* MultipleSheetBootcamp.swift in Sources */,
				D32A1BDC2A84D18600418E06 /* MaskBootcamp.swift in Sources */,
				D32A1BD42A848E1F00418E06 /* DragGestureBootcamp2.swift in Sources */,
				D32A1BD22A84837A00418E06 /* DragGestureBootcamp.swift in Sources */,
				D32A1BC02A835F0300418E06 /* ContentView.swift in Sources */,
				D32A1BD62A84B2E000418E06 /* ScrollViewReaderBootcamp.swift in Sources */,
				D32A1BBE2A835F0300418E06 /* ContinuedLearningApp.swift in Sources */,
				D32A1BCE2A8465D500418E06 /* MagnificationGestureBootcamp.swift in Sources */,
				D32A1BDE2A84D84300418E06 /* SoundBootcamp.swift in Sources */,
				D32A1BD82A84BB3F00418E06 /* GeometryReaderBootcamp.swift in Sources */,
				D32A1BCC2A835F8F00418E06 /* LongPressGestureBootcamp.swift in Sources */,
				D32A1BD02A84814B00418E06 /* RotationGestureBootcamp.swift in Sources */,
			);
			runOnlyForDeploymentPostprocessing = 0;
		};
/* End PBXSourcesBuildPhase section */

/* Begin XCBuildConfiguration section */
		D32A1BC62A835F0500418E06 /* Debug */ = {
			isa = XCBuildConfiguration;
			buildSettings = {
				ALWAYS_SEARCH_USER_PATHS = NO;
				CLANG_ANALYZER_NONNULL = YES;
				CLANG_ANALYZER_NUMBER_OBJECT_CONVERSION = YES_AGGRESSIVE;
				CLANG_CXX_LANGUAGE_STANDARD = "gnu++20";
				CLANG_ENABLE_MODULES = YES;
				CLANG_ENABLE_OBJC_ARC = YES;
				CLANG_ENABLE_OBJC_WEAK = YES;
				CLANG_WARN_BLOCK_CAPTURE_AUTORELEASING = YES;
				CLANG_WARN_BOOL_CONVERSION = YES;
				CLANG_WARN_COMMA = YES;
				CLANG_WARN_CONSTANT_CONVERSION = YES;
				CLANG_WARN_DEPRECATED_OBJC_IMPLEMENTATIONS = YES;
				CLANG_WARN_DIRECT_OBJC_ISA_USAGE = YES_ERROR;
				CLANG_WARN_DOCUMENTATION_COMMENTS = YES;
				CLANG_WARN_EMPTY_BODY = YES;
				CLANG_WARN_ENUM_CONVERSION = YES;
				CLANG_WARN_INFINITE_RECURSION = YES;
				CLANG_WARN_INT_CONVERSION = YES;
				CLANG_WARN_NON_LITERAL_NULL_CONVERSION = YES;
				CLANG_WARN_OBJC_IMPLICIT_RETAIN_SELF = YES;
				CLANG_WARN_OBJC_LITERAL_CONVERSION = YES;
				CLANG_WARN_OBJC_ROOT_CLASS = YES_ERROR;
				CLANG_WARN_QUOTED_INCLUDE_IN_FRAMEWORK_HEADER = YES;
				CLANG_WARN_RANGE_LOOP_ANALYSIS = YES;
				CLANG_WARN_STRICT_PROTOTYPES = YES;
				CLANG_WARN_SUSPICIOUS_MOVE = YES;
				CLANG_WARN_UNGUARDED_AVAILABILITY = YES_AGGRESSIVE;
				CLANG_WARN_UNREACHABLE_CODE = YES;
				CLANG_WARN__DUPLICATE_METHOD_MATCH = YES;
				COPY_PHASE_STRIP = NO;
				DEBUG_INFORMATION_FORMAT = dwarf;
				ENABLE_STRICT_OBJC_MSGSEND = YES;
				ENABLE_TESTABILITY = YES;
				GCC_C_LANGUAGE_STANDARD = gnu11;
				GCC_DYNAMIC_NO_PIC = NO;
				GCC_NO_COMMON_BLOCKS = YES;
				GCC_OPTIMIZATION_LEVEL = 0;
				GCC_PREPROCESSOR_DEFINITIONS = (
					"DEBUG=1",
					"$(inherited)",
				);
				GCC_WARN_64_TO_32_BIT_CONVERSION = YES;
				GCC_WARN_ABOUT_RETURN_TYPE = YES_ERROR;
				GCC_WARN_UNDECLARED_SELECTOR = YES;
				GCC_WARN_UNINITIALIZED_AUTOS = YES_AGGRESSIVE;
				GCC_WARN_UNUSED_FUNCTION = YES;
				GCC_WARN_UNUSED_VARIABLE = YES;
				IPHONEOS_DEPLOYMENT_TARGET = 16.4;
				MTL_ENABLE_DEBUG_INFO = INCLUDE_SOURCE;
				MTL_FAST_MATH = YES;
				ONLY_ACTIVE_ARCH = YES;
				SDKROOT = iphoneos;
				SWIFT_ACTIVE_COMPILATION_CONDITIONS = DEBUG;
				SWIFT_OPTIMIZATION_LEVEL = "-Onone";
			};
			name = Debug;
		};
		D32A1BC72A835F0500418E06 /* Release */ = {
			isa = XCBuildConfiguration;
			buildSettings = {
				ALWAYS_SEARCH_USER_PATHS = NO;
				CLANG_ANALYZER_NONNULL = YES;
				CLANG_ANALYZER_NUMBER_OBJECT_CONVERSION = YES_AGGRESSIVE;
				CLANG_CXX_LANGUAGE_STANDARD = "gnu++20";
				CLANG_ENABLE_MODULES = YES;
				CLANG_ENABLE_OBJC_ARC = YES;
				CLANG_ENABLE_OBJC_WEAK = YES;
				CLANG_WARN_BLOCK_CAPTURE_AUTORELEASING = YES;
				CLANG_WARN_BOOL_CONVERSION = YES;
				CLANG_WARN_COMMA = YES;
				CLANG_WARN_CONSTANT_CONVERSION = YES;
				CLANG_WARN_DEPRECATED_OBJC_IMPLEMENTATIONS = YES;
				CLANG_WARN_DIRECT_OBJC_ISA_USAGE = YES_ERROR;
				CLANG_WARN_DOCUMENTATION_COMMENTS = YES;
				CLANG_WARN_EMPTY_BODY = YES;
				CLANG_WARN_ENUM_CONVERSION = YES;
				CLANG_WARN_INFINITE_RECURSION = YES;
				CLANG_WARN_INT_CONVERSION = YES;
				CLANG_WARN_NON_LITERAL_NULL_CONVERSION = YES;
				CLANG_WARN_OBJC_IMPLICIT_RETAIN_SELF = YES;
				CLANG_WARN_OBJC_LITERAL_CONVERSION = YES;
				CLANG_WARN_OBJC_ROOT_CLASS = YES_ERROR;
				CLANG_WARN_QUOTED_INCLUDE_IN_FRAMEWORK_HEADER = YES;
				CLANG_WARN_RANGE_LOOP_ANALYSIS = YES;
				CLANG_WARN_STRICT_PROTOTYPES = YES;
				CLANG_WARN_SUSPICIOUS_MOVE = YES;
				CLANG_WARN_UNGUARDED_AVAILABILITY = YES_AGGRESSIVE;
				CLANG_WARN_UNREACHABLE_CODE = YES;
				CLANG_WARN__DUPLICATE_METHOD_MATCH = YES;
				COPY_PHASE_STRIP = NO;
				DEBUG_INFORMATION_FORMAT = "dwarf-with-dsym";
				ENABLE_NS_ASSERTIONS = NO;
				ENABLE_STRICT_OBJC_MSGSEND = YES;
				GCC_C_LANGUAGE_STANDARD = gnu11;
				GCC_NO_COMMON_BLOCKS = YES;
				GCC_WARN_64_TO_32_BIT_CONVERSION = YES;
				GCC_WARN_ABOUT_RETURN_TYPE = YES_ERROR;
				GCC_WARN_UNDECLARED_SELECTOR = YES;
				GCC_WARN_UNINITIALIZED_AUTOS = YES_AGGRESSIVE;
				GCC_WARN_UNUSED_FUNCTION = YES;
				GCC_WARN_UNUSED_VARIABLE = YES;
				IPHONEOS_DEPLOYMENT_TARGET = 16.4;
				MTL_ENABLE_DEBUG_INFO = NO;
				MTL_FAST_MATH = YES;
				SDKROOT = iphoneos;
				SWIFT_COMPILATION_MODE = wholemodule;
				SWIFT_OPTIMIZATION_LEVEL = "-O";
				VALIDATE_PRODUCT = YES;
			};
			name = Release;
		};
		D32A1BC92A835F0500418E06 /* Debug */ = {
			isa = XCBuildConfiguration;
			buildSettings = {
				ASSETCATALOG_COMPILER_APPICON_NAME = AppIcon;
				ASSETCATALOG_COMPILER_GLOBAL_ACCENT_COLOR_NAME = AccentColor;
				CODE_SIGN_STYLE = Automatic;
				CURRENT_PROJECT_VERSION = 1;
				DEVELOPMENT_ASSET_PATHS = "\"ContinuedLearning/Preview Content\"";
				DEVELOPMENT_TEAM = Z78Z73CWZJ;
				ENABLE_PREVIEWS = YES;
				GENERATE_INFOPLIST_FILE = YES;
				INFOPLIST_KEY_UIApplicationSceneManifest_Generation = YES;
				INFOPLIST_KEY_UIApplicationSupportsIndirectInputEvents = YES;
				INFOPLIST_KEY_UILaunchScreen_Generation = YES;
				INFOPLIST_KEY_UISupportedInterfaceOrientations_iPad = "UIInterfaceOrientationPortrait UIInterfaceOrientationPortraitUpsideDown UIInterfaceOrientationLandscapeLeft UIInterfaceOrientationLandscapeRight";
				INFOPLIST_KEY_UISupportedInterfaceOrientations_iPhone = "UIInterfaceOrientationPortrait UIInterfaceOrientationLandscapeLeft UIInterfaceOrientationLandscapeRight";
				LD_RUNPATH_SEARCH_PATHS = (
					"$(inherited)",
					"@executable_path/Frameworks",
				);
				MARKETING_VERSION = 1.0;
				PRODUCT_BUNDLE_IDENTIFIER = com.timchi.ContinuedLearning;
				PRODUCT_NAME = "$(TARGET_NAME)";
				SWIFT_EMIT_LOC_STRINGS = YES;
				SWIFT_VERSION = 5.0;
				TARGETED_DEVICE_FAMILY = "1,2";
			};
			name = Debug;
		};
		D32A1BCA2A835F0500418E06 /* Release */ = {
			isa = XCBuildConfiguration;
			buildSettings = {
				ASSETCATALOG_COMPILER_APPICON_NAME = AppIcon;
				ASSETCATALOG_COMPILER_GLOBAL_ACCENT_COLOR_NAME = AccentColor;
				CODE_SIGN_STYLE = Automatic;
				CURRENT_PROJECT_VERSION = 1;
				DEVELOPMENT_ASSET_PATHS = "\"ContinuedLearning/Preview Content\"";
				DEVELOPMENT_TEAM = Z78Z73CWZJ;
				ENABLE_PREVIEWS = YES;
				GENERATE_INFOPLIST_FILE = YES;
				INFOPLIST_KEY_UIApplicationSceneManifest_Generation = YES;
				INFOPLIST_KEY_UIApplicationSupportsIndirectInputEvents = YES;
				INFOPLIST_KEY_UILaunchScreen_Generation = YES;
				INFOPLIST_KEY_UISupportedInterfaceOrientations_iPad = "UIInterfaceOrientationPortrait UIInterfaceOrientationPortraitUpsideDown UIInterfaceOrientationLandscapeLeft UIInterfaceOrientationLandscapeRight";
				INFOPLIST_KEY_UISupportedInterfaceOrientations_iPhone = "UIInterfaceOrientationPortrait UIInterfaceOrientationLandscapeLeft UIInterfaceOrientationLandscapeRight";
				LD_RUNPATH_SEARCH_PATHS = (
					"$(inherited)",
					"@executable_path/Frameworks",
				);
				MARKETING_VERSION = 1.0;
				PRODUCT_BUNDLE_IDENTIFIER = com.timchi.ContinuedLearning;
				PRODUCT_NAME = "$(TARGET_NAME)";
				SWIFT_EMIT_LOC_STRINGS = YES;
				SWIFT_VERSION = 5.0;
				TARGETED_DEVICE_FAMILY = "1,2";
			};
			name = Release;
		};
/* End XCBuildConfiguration section */

/* Begin XCConfigurationList section */
		D32A1BB52A835F0300418E06 /* Build configuration list for PBXProject "ContinuedLearning" */ = {
			isa = XCConfigurationList;
			buildConfigurations = (
				D32A1BC62A835F0500418E06 /* Debug */,
				D32A1BC72A835F0500418E06 /* Release */,
			);
			defaultConfigurationIsVisible = 0;
			defaultConfigurationName = Release;
		};
		D32A1BC82A835F0500418E06 /* Build configuration list for PBXNativeTarget "ContinuedLearning" */ = {
			isa = XCConfigurationList;
			buildConfigurations = (
				D32A1BC92A835F0500418E06 /* Debug */,
				D32A1BCA2A835F0500418E06 /* Release */,
			);
			defaultConfigurationIsVisible = 0;
			defaultConfigurationName = Release;
		};
/* End XCConfigurationList section */
	};
	rootObject = D32A1BB22A835F0300418E06 /* Project object */;
}
